
Microsoft Visual Studio Solution File, Format Version 12.00
# Visual Studio Version 17
VisualStudioVersion = 17.3.32929.385
MinimumVisualStudioVersion = 10.0.40219.1
Project("{FAE04EC0-301F-11D3-BF4B-00C04F79EFBC}") = "Storyteller 2.0", "Storyteller 2.0\Storyteller 2.0.csproj", "{02D124D1-B43A-4981-A954-36DE35312E12}"
EndProject
Global
	GlobalSection(SolutionConfigurationPlatforms) = preSolution
		Debug|Any CPU = Debug|Any CPU
		Release|Any CPU = Release|Any CPU
	EndGlobalSection
	GlobalSection(ProjectConfigurationPlatforms) = postSolution
		{02D124D1-B43A-4981-A954-36DE35312E12}.Debug|Any CPU.ActiveCfg = Debug|Any CPU
		{02D124D1-B43A-4981-A954-36DE35312E12}.Debug|Any CPU.Build.0 = Debug|Any CPU
		{02D124D1-B43A-4981-A954-36DE35312E12}.Release|Any CPU.ActiveCfg = Release|Any CPU
		{02D124D1-B43A-4981-A954-36DE35312E12}.Release|Any CPU.Build.0 = Release|Any CPU
	EndGlobalSection
	GlobalSection(SolutionProperties) = preSolution
		HideSolutionNode = FALSE
	EndGlobalSection
	GlobalSection(ExtensibilityGlobals) = postSolution
		SolutionGuid = {E48C5FCF-168B-41DE-8AB4-824F7DF75868}
	EndGlobalSection
EndGlobal
